
Microsoft Visual Studio Solution File, Format Version 12.00
# Visual Studio Version 16
VisualStudioVersion = 16.0.31729.503
MinimumVisualStudioVersion = 10.0.40219.1
Project("{FAE04EC0-301F-11D3-BF4B-00C04F79EFBC}") = "NKSLK", "NKSLK\NKSLK.csproj", "{82BE1C56-97EE-4DF2-BE0B-DB5F63D540DD}"
EndProject
Global
	GlobalSection(SolutionConfigurationPlatforms) = preSolution
		Debug|Any CPU = Debug|Any CPU
		Release|Any CPU = Release|Any CPU
	EndGlobalSection
	GlobalSection(ProjectConfigurationPlatforms) = postSolution
		{82BE1C56-97EE-4DF2-BE0B-DB5F63D540DD}.Debug|Any CPU.ActiveCfg = Debug|Any CPU
		{82BE1C56-97EE-4DF2-BE0B-DB5F63D540DD}.Debug|Any CPU.Build.0 = Debug|Any CPU
		{82BE1C56-97EE-4DF2-BE0B-DB5F63D540DD}.Release|Any CPU.ActiveCfg = Release|Any CPU
		{82BE1C56-97EE-4DF2-BE0B-DB5F63D540DD}.Release|Any CPU.Build.0 = Release|Any CPU
	EndGlobalSection
	GlobalSection(SolutionProperties) = preSolution
		HideSolutionNode = FALSE
	EndGlobalSection
	GlobalSection(ExtensibilityGlobals) = postSolution
		SolutionGuid = {37E58B5F-7BF0-425C-B79B-A403251BCD36}
	EndGlobalSection
EndGlobal
